
Microsoft Visual Studio Solution File, Format Version 12.00
# Visual Studio Version 16
VisualStudioVersion = 16.0.32802.440
MinimumVisualStudioVersion = 10.0.40219.1
Project("{FAE04EC0-301F-11D3-BF4B-00C04F79EFBC}") = "CapaVista", "CapaVista\CapaVista.csproj", "{4DCF5D10-C7BE-4FB1-A360-713A04B71EB0}"
EndProject
Project("{FAE04EC0-301F-11D3-BF4B-00C04F79EFBC}") = "CapaControlador", "CapaControlador\CapaControlador.csproj", "{A5D2C324-F1F8-4576-994F-380FDE74AA2F}"
EndProject
Project("{FAE04EC0-301F-11D3-BF4B-00C04F79EFBC}") = "CapaModelo", "CapaModelo\CapaModelo.csproj", "{8969DE75-944B-4575-B93F-0617B04FA7ED}"
EndProject
Global
	GlobalSection(SolutionConfigurationPlatforms) = preSolution
		Debug|Any CPU = Debug|Any CPU
		Release|Any CPU = Release|Any CPU
	EndGlobalSection
	GlobalSection(ProjectConfigurationPlatforms) = postSolution
		{4DCF5D10-C7BE-4FB1-A360-713A04B71EB0}.Debug|Any CPU.ActiveCfg = Debug|Any CPU
		{4DCF5D10-C7BE-4FB1-A360-713A04B71EB0}.Debug|Any CPU.Build.0 = Debug|Any CPU
		{4DCF5D10-C7BE-4FB1-A360-713A04B71EB0}.Release|Any CPU.ActiveCfg = Release|Any CPU
		{4DCF5D10-C7BE-4FB1-A360-713A04B71EB0}.Release|Any CPU.Build.0 = Release|Any CPU
		{A5D2C324-F1F8-4576-994F-380FDE74AA2F}.Debug|Any CPU.ActiveCfg = Debug|Any CPU
		{A5D2C324-F1F8-4576-994F-380FDE74AA2F}.Debug|Any CPU.Build.0 = Debug|Any CPU
		{A5D2C324-F1F8-4576-994F-380FDE74AA2F}.Release|Any CPU.ActiveCfg = Release|Any CPU
		{A5D2C324-F1F8-4576-994F-380FDE74AA2F}.Release|Any CPU.Build.0 = Release|Any CPU
		{8969DE75-944B-4575-B93F-0617B04FA7ED}.Debug|Any CPU.ActiveCfg = Debug|Any CPU
		{8969DE75-944B-4575-B93F-0617B04FA7ED}.Debug|Any CPU.Build.0 = Debug|Any CPU
		{8969DE75-944B-4575-B93F-0617B04FA7ED}.Release|Any CPU.ActiveCfg = Release|Any CPU
		{8969DE75-944B-4575-B93F-0617B04FA7ED}.Release|Any CPU.Build.0 = Release|Any CPU
	EndGlobalSection
	GlobalSection(SolutionProperties) = preSolution
		HideSolutionNode = FALSE
	EndGlobalSection
	GlobalSection(ExtensibilityGlobals) = postSolution
		SolutionGuid = {EE3C392E-0D25-4AAE-BED8-1D8A3103E16C}
	EndGlobalSection
EndGlobal
